
Microsoft Visual Studio Solution File, Format Version 12.00
# Visual Studio Version 16
VisualStudioVersion = 16.0.32413.511
MinimumVisualStudioVersion = 10.0.40219.1
Project("{FAE04EC0-301F-11D3-BF4B-00C04F79EFBC}") = "WEDM-ver7", "WEDM-ver7\WEDM-ver7.csproj", "{35965DAA-3B4E-4F92-83FF-75F115EC1936}"
EndProject
Project("{888888A0-9F3D-457C-B088-3A5042F75D52}") = "Caller", "Caller\Caller.pyproj", "{EF3D7FB1-B5DE-452E-A1D7-ECCBB2C9CA2E}"
EndProject
Project("{888888A0-9F3D-457C-B088-3A5042F75D52}") = "Keras", "Keras\Keras.pyproj", "{A7D914FF-6A37-496B-9308-2827A5BA142D}"
EndProject
Global
	GlobalSection(SolutionConfigurationPlatforms) = preSolution
		Debug|Any CPU = Debug|Any CPU
		Release|Any CPU = Release|Any CPU
	EndGlobalSection
	GlobalSection(ProjectConfigurationPlatforms) = postSolution
		{35965DAA-3B4E-4F92-83FF-75F115EC1936}.Debug|Any CPU.ActiveCfg = Debug|Any CPU
		{35965DAA-3B4E-4F92-83FF-75F115EC1936}.Debug|Any CPU.Build.0 = Debug|Any CPU
		{35965DAA-3B4E-4F92-83FF-75F115EC1936}.Release|Any CPU.ActiveCfg = Release|Any CPU
		{35965DAA-3B4E-4F92-83FF-75F115EC1936}.Release|Any CPU.Build.0 = Release|Any CPU
		{EF3D7FB1-B5DE-452E-A1D7-ECCBB2C9CA2E}.Debug|Any CPU.ActiveCfg = Debug|Any CPU
		{EF3D7FB1-B5DE-452E-A1D7-ECCBB2C9CA2E}.Release|Any CPU.ActiveCfg = Release|Any CPU
		{A7D914FF-6A37-496B-9308-2827A5BA142D}.Debug|Any CPU.ActiveCfg = Debug|Any CPU
		{A7D914FF-6A37-496B-9308-2827A5BA142D}.Release|Any CPU.ActiveCfg = Release|Any CPU
	EndGlobalSection
	GlobalSection(SolutionProperties) = preSolution
		HideSolutionNode = FALSE
	EndGlobalSection
	GlobalSection(ExtensibilityGlobals) = postSolution
		SolutionGuid = {FC1F62E2-42AC-4183-9582-B27A26D2F3BA}
	EndGlobalSection
EndGlobal
